
Microsoft Visual Studio Solution File, Format Version 12.00
# Visual Studio Version 16
VisualStudioVersion = 16.0.31613.86
MinimumVisualStudioVersion = 10.0.40219.1
Project("{FAE04EC0-301F-11D3-BF4B-00C04F79EFBC}") = "InventoryDatabaseStartup", "InventoryDatabaseStartup\InventoryDatabaseStartup.csproj", "{34419335-2139-446D-BBD9-7889DD0CE04B}"
EndProject
Project("{FAE04EC0-301F-11D3-BF4B-00C04F79EFBC}") = "InventoryDatabaseCore", "InventoryDatabaseCore\InventoryDatabaseCore.csproj", "{6B95D7DD-1C6E-4A28-B7C6-641F22EE7671}"
EndProject
Project("{FAE04EC0-301F-11D3-BF4B-00C04F79EFBC}") = "InventoryModels", "InventoryModels\InventoryModels.csproj", "{0D4FD796-1D3F-4811-9D4D-59F2759C6ACA}"
EndProject
Global
	GlobalSection(SolutionConfigurationPlatforms) = preSolution
		Debug|Any CPU = Debug|Any CPU
		Release|Any CPU = Release|Any CPU
	EndGlobalSection
	GlobalSection(ProjectConfigurationPlatforms) = postSolution
		{34419335-2139-446D-BBD9-7889DD0CE04B}.Debug|Any CPU.ActiveCfg = Debug|Any CPU
		{34419335-2139-446D-BBD9-7889DD0CE04B}.Debug|Any CPU.Build.0 = Debug|Any CPU
		{34419335-2139-446D-BBD9-7889DD0CE04B}.Release|Any CPU.ActiveCfg = Release|Any CPU
		{34419335-2139-446D-BBD9-7889DD0CE04B}.Release|Any CPU.Build.0 = Release|Any CPU
		{6B95D7DD-1C6E-4A28-B7C6-641F22EE7671}.Debug|Any CPU.ActiveCfg = Debug|Any CPU
		{6B95D7DD-1C6E-4A28-B7C6-641F22EE7671}.Debug|Any CPU.Build.0 = Debug|Any CPU
		{6B95D7DD-1C6E-4A28-B7C6-641F22EE7671}.Release|Any CPU.ActiveCfg = Release|Any CPU
		{6B95D7DD-1C6E-4A28-B7C6-641F22EE7671}.Release|Any CPU.Build.0 = Release|Any CPU
		{0D4FD796-1D3F-4811-9D4D-59F2759C6ACA}.Debug|Any CPU.ActiveCfg = Debug|Any CPU
		{0D4FD796-1D3F-4811-9D4D-59F2759C6ACA}.Debug|Any CPU.Build.0 = Debug|Any CPU
		{0D4FD796-1D3F-4811-9D4D-59F2759C6ACA}.Release|Any CPU.ActiveCfg = Release|Any CPU
		{0D4FD796-1D3F-4811-9D4D-59F2759C6ACA}.Release|Any CPU.Build.0 = Release|Any CPU
	EndGlobalSection
	GlobalSection(SolutionProperties) = preSolution
		HideSolutionNode = FALSE
	EndGlobalSection
	GlobalSection(ExtensibilityGlobals) = postSolution
		SolutionGuid = {8D2B2419-FBB2-408F-B6AF-14D7D7BABB0C}
	EndGlobalSection
EndGlobal
